
Microsoft Visual Studio Solution File, Format Version 12.00
# Visual Studio 15
VisualStudioVersion = 15.0.28307.572
MinimumVisualStudioVersion = 10.0.40219.1
Project("{FAE04EC0-301F-11D3-BF4B-00C04F79EFBC}") = "1h", "1h\1h.csproj", "{1D36AC2E-28FB-4696-8A59-4E53A6FF5624}"
EndProject
Global
	GlobalSection(SolutionConfigurationPlatforms) = preSolution
		Debug|Any CPU = Debug|Any CPU
		Release|Any CPU = Release|Any CPU
	EndGlobalSection
	GlobalSection(ProjectConfigurationPlatforms) = postSolution
		{1D36AC2E-28FB-4696-8A59-4E53A6FF5624}.Debug|Any CPU.ActiveCfg = Debug|Any CPU
		{1D36AC2E-28FB-4696-8A59-4E53A6FF5624}.Debug|Any CPU.Build.0 = Debug|Any CPU
		{1D36AC2E-28FB-4696-8A59-4E53A6FF5624}.Release|Any CPU.ActiveCfg = Release|Any CPU
		{1D36AC2E-28FB-4696-8A59-4E53A6FF5624}.Release|Any CPU.Build.0 = Release|Any CPU
	EndGlobalSection
	GlobalSection(SolutionProperties) = preSolution
		HideSolutionNode = FALSE
	EndGlobalSection
	GlobalSection(ExtensibilityGlobals) = postSolution
		SolutionGuid = {CF340320-A9F9-4E8A-906D-832844CDC1C8}
	EndGlobalSection
EndGlobal
